
Microsoft Visual Studio Solution File, Format Version 12.00
# Visual Studio Version 18
VisualStudioVersion = 18.1.11304.174
MinimumVisualStudioVersion = 10.0.40219.1
Project("{2150E333-8FDC-42A3-9474-1A3956D46DE8}") = "Solution Items", "Solution Items", "{5DC2F495-E7D5-4B05-A0E9-090888C3527D}"
	ProjectSection(SolutionItems) = preProject
		.editorconfig = .editorconfig
		.github\workflows\ci.yml = .github\workflows\ci.yml
	EndProjectSection
EndProject
Project("{2150E333-8FDC-42A3-9474-1A3956D46DE8}") = "backend", "backend", "{F0E2E531-F954-4DA3-8166-38D9B076F491}"
EndProject
Project("{2150E333-8FDC-42A3-9474-1A3956D46DE8}") = "frontend", "frontend", "{13804925-4907-4DB3-9E95-BFECBF6412CF}"
EndProject
Project("{2150E333-8FDC-42A3-9474-1A3956D46DE8}") = "shared", "shared", "{335FC5BD-A78D-4A56-BF52-8EB5C7C2ACA0}"
EndProject
Project("{2150E333-8FDC-42A3-9474-1A3956D46DE8}") = "tools", "tools", "{3C43DA82-6ED7-4CD0-AB8D-C67C99C79093}"
EndProject
Project("{2150E333-8FDC-42A3-9474-1A3956D46DE8}") = "Infrastructure", "Infrastructure", "{0D45D023-6EF7-4870-9218-7D0CFFEDC287}"
EndProject
Project("{2150E333-8FDC-42A3-9474-1A3956D46DE8}") = "Persistence", "Persistence", "{7CF84676-0E95-49F2-850B-CF0284213EB6}"
EndProject
Project("{2150E333-8FDC-42A3-9474-1A3956D46DE8}") = "ObjectStorage", "ObjectStorage", "{3479C215-9264-4447-87E2-501392631C1C}"
EndProject
Project("{2150E333-8FDC-42A3-9474-1A3956D46DE8}") = "Cache", "Cache", "{9EBC6311-3B9A-41A4-8E73-8653B472DE3D}"
EndProject
Project("{2150E333-8FDC-42A3-9474-1A3956D46DE8}") = "Mediator", "Mediator", "{C7CE314A-B3CF-4FB8-AC77-03202425767E}"
EndProject
Project("{2150E333-8FDC-42A3-9474-1A3956D46DE8}") = "EventBus", "EventBus", "{D9166FB8-3BFC-41D7-8572-26F8827A01B7}"
EndProject
Project("{FAE04EC0-301F-11D3-BF4B-00C04F79EFBC}") = "Infrastructure.Mediator.Wolverine", "backend\src\Infrastructure\Mediator\Infrastructure.Mediator.Wolverine\Infrastructure.Mediator.Wolverine.csproj", "{749A650D-738D-4536-A83F-DDA98EF32FF5}"
EndProject
Project("{2150E333-8FDC-42A3-9474-1A3956D46DE8}") = "Ef", "Ef", "{4AA25547-65E4-458F-B847-F8713DD2B52C}"
EndProject
Project("{FAE04EC0-301F-11D3-BF4B-00C04F79EFBC}") = "Infrastructure.Persistence.Ef", "backend\src\Infrastructure\Persistence\Ef\Infrastructure.Persistence.Ef\Infrastructure.Persistence.Ef.csproj", "{AE34D3E9-0177-445C-B3F8-477C1AE8DF33}"
EndProject
Project("{FAE04EC0-301F-11D3-BF4B-00C04F79EFBC}") = "Infrastructure.Persistence.Ef.Migrator", "backend\src\Infrastructure\Persistence\Ef\Infrastructure.Persistence.Ef.Migrator\Infrastructure.Persistence.Ef.Migrator.csproj", "{7C0BC924-6BA4-4123-A731-9AD43AE96614}"
EndProject
Project("{FAE04EC0-301F-11D3-BF4B-00C04F79EFBC}") = "Domain", "backend\src\Domain\Domain.csproj", "{B6A68A8C-F457-4319-BDB0-12A55523B3BE}"
EndProject
Project("{FAE04EC0-301F-11D3-BF4B-00C04F79EFBC}") = "Application", "backend\src\Application\Application.csproj", "{B2783410-D500-41C5-984A-494AE406B2AD}"
EndProject
Project("{2150E333-8FDC-42A3-9474-1A3956D46DE8}") = "Presentation", "Presentation", "{35F5CA66-F75B-4D63-9BEE-E93188860A3F}"
EndProject
Project("{FAE04EC0-301F-11D3-BF4B-00C04F79EFBC}") = "Presentation.Host", "backend\src\Presentation\Presentation.Host\Presentation.Host.csproj", "{86A7748F-3AFE-431D-9F88-524DE5C7287B}"
EndProject
Project("{FAE04EC0-301F-11D3-BF4B-00C04F79EFBC}") = "Presentation.Http", "backend\src\Presentation\Presentation.Http\Presentation.Http.csproj", "{BB6A10B0-A77C-46A6-B4FE-42EB17359089}"
EndProject
Global
	GlobalSection(SolutionConfigurationPlatforms) = preSolution
		Debug|Any CPU = Debug|Any CPU
		Release|Any CPU = Release|Any CPU
	EndGlobalSection
	GlobalSection(ProjectConfigurationPlatforms) = postSolution
		{749A650D-738D-4536-A83F-DDA98EF32FF5}.Debug|Any CPU.ActiveCfg = Debug|Any CPU
		{749A650D-738D-4536-A83F-DDA98EF32FF5}.Debug|Any CPU.Build.0 = Debug|Any CPU
		{749A650D-738D-4536-A83F-DDA98EF32FF5}.Release|Any CPU.ActiveCfg = Release|Any CPU
		{749A650D-738D-4536-A83F-DDA98EF32FF5}.Release|Any CPU.Build.0 = Release|Any CPU
		{AE34D3E9-0177-445C-B3F8-477C1AE8DF33}.Debug|Any CPU.ActiveCfg = Debug|Any CPU
		{AE34D3E9-0177-445C-B3F8-477C1AE8DF33}.Debug|Any CPU.Build.0 = Debug|Any CPU
		{AE34D3E9-0177-445C-B3F8-477C1AE8DF33}.Release|Any CPU.ActiveCfg = Release|Any CPU
		{AE34D3E9-0177-445C-B3F8-477C1AE8DF33}.Release|Any CPU.Build.0 = Release|Any CPU
		{7C0BC924-6BA4-4123-A731-9AD43AE96614}.Debug|Any CPU.ActiveCfg = Debug|Any CPU
		{7C0BC924-6BA4-4123-A731-9AD43AE96614}.Debug|Any CPU.Build.0 = Debug|Any CPU
		{7C0BC924-6BA4-4123-A731-9AD43AE96614}.Release|Any CPU.ActiveCfg = Release|Any CPU
		{7C0BC924-6BA4-4123-A731-9AD43AE96614}.Release|Any CPU.Build.0 = Release|Any CPU
		{B6A68A8C-F457-4319-BDB0-12A55523B3BE}.Debug|Any CPU.ActiveCfg = Debug|Any CPU
		{B6A68A8C-F457-4319-BDB0-12A55523B3BE}.Debug|Any CPU.Build.0 = Debug|Any CPU
		{B6A68A8C-F457-4319-BDB0-12A55523B3BE}.Release|Any CPU.ActiveCfg = Release|Any CPU
		{B6A68A8C-F457-4319-BDB0-12A55523B3BE}.Release|Any CPU.Build.0 = Release|Any CPU
		{B2783410-D500-41C5-984A-494AE406B2AD}.Debug|Any CPU.ActiveCfg = Debug|Any CPU
		{B2783410-D500-41C5-984A-494AE406B2AD}.Debug|Any CPU.Build.0 = Debug|Any CPU
		{B2783410-D500-41C5-984A-494AE406B2AD}.Release|Any CPU.ActiveCfg = Release|Any CPU
		{B2783410-D500-41C5-984A-494AE406B2AD}.Release|Any CPU.Build.0 = Release|Any CPU
		{86A7748F-3AFE-431D-9F88-524DE5C7287B}.Debug|Any CPU.ActiveCfg = Debug|Any CPU
		{86A7748F-3AFE-431D-9F88-524DE5C7287B}.Debug|Any CPU.Build.0 = Debug|Any CPU
		{86A7748F-3AFE-431D-9F88-524DE5C7287B}.Release|Any CPU.ActiveCfg = Release|Any CPU
		{86A7748F-3AFE-431D-9F88-524DE5C7287B}.Release|Any CPU.Build.0 = Release|Any CPU
		{BB6A10B0-A77C-46A6-B4FE-42EB17359089}.Debug|Any CPU.ActiveCfg = Debug|Any CPU
		{BB6A10B0-A77C-46A6-B4FE-42EB17359089}.Debug|Any CPU.Build.0 = Debug|Any CPU
		{BB6A10B0-A77C-46A6-B4FE-42EB17359089}.Release|Any CPU.ActiveCfg = Release|Any CPU
		{BB6A10B0-A77C-46A6-B4FE-42EB17359089}.Release|Any CPU.Build.0 = Release|Any CPU
	EndGlobalSection
	GlobalSection(SolutionProperties) = preSolution
		HideSolutionNode = FALSE
	EndGlobalSection
	GlobalSection(NestedProjects) = preSolution
		{0D45D023-6EF7-4870-9218-7D0CFFEDC287} = {F0E2E531-F954-4DA3-8166-38D9B076F491}
		{7CF84676-0E95-49F2-850B-CF0284213EB6} = {0D45D023-6EF7-4870-9218-7D0CFFEDC287}
		{3479C215-9264-4447-87E2-501392631C1C} = {0D45D023-6EF7-4870-9218-7D0CFFEDC287}
		{9EBC6311-3B9A-41A4-8E73-8653B472DE3D} = {0D45D023-6EF7-4870-9218-7D0CFFEDC287}
		{C7CE314A-B3CF-4FB8-AC77-03202425767E} = {0D45D023-6EF7-4870-9218-7D0CFFEDC287}
		{D9166FB8-3BFC-41D7-8572-26F8827A01B7} = {0D45D023-6EF7-4870-9218-7D0CFFEDC287}
		{749A650D-738D-4536-A83F-DDA98EF32FF5} = {C7CE314A-B3CF-4FB8-AC77-03202425767E}
		{4AA25547-65E4-458F-B847-F8713DD2B52C} = {7CF84676-0E95-49F2-850B-CF0284213EB6}
		{AE34D3E9-0177-445C-B3F8-477C1AE8DF33} = {4AA25547-65E4-458F-B847-F8713DD2B52C}
		{7C0BC924-6BA4-4123-A731-9AD43AE96614} = {4AA25547-65E4-458F-B847-F8713DD2B52C}
		{B6A68A8C-F457-4319-BDB0-12A55523B3BE} = {F0E2E531-F954-4DA3-8166-38D9B076F491}
		{B2783410-D500-41C5-984A-494AE406B2AD} = {F0E2E531-F954-4DA3-8166-38D9B076F491}
		{35F5CA66-F75B-4D63-9BEE-E93188860A3F} = {F0E2E531-F954-4DA3-8166-38D9B076F491}
		{86A7748F-3AFE-431D-9F88-524DE5C7287B} = {35F5CA66-F75B-4D63-9BEE-E93188860A3F}
		{BB6A10B0-A77C-46A6-B4FE-42EB17359089} = {35F5CA66-F75B-4D63-9BEE-E93188860A3F}
	EndGlobalSection
	GlobalSection(ExtensibilityGlobals) = postSolution
		SolutionGuid = {5C1911E6-9DD4-45B3-BEB7-0842A0A7207D}
	EndGlobalSection
EndGlobal
