
Microsoft Visual Studio Solution File, Format Version 12.00
# Visual Studio Version 18
VisualStudioVersion = 18.1.11304.174
MinimumVisualStudioVersion = 10.0.40219.1
Project("{2150E333-8FDC-42A3-9474-1A3956D46DE8}") = "Solution Items", "Solution Items", "{5DC2F495-E7D5-4B05-A0E9-090888C3527D}"
	ProjectSection(SolutionItems) = preProject
		.editorconfig = .editorconfig
		.github\workflows\ci.yml = .github\workflows\ci.yml
	EndProjectSection
EndProject
Project("{2150E333-8FDC-42A3-9474-1A3956D46DE8}") = "backend", "backend", "{F0E2E531-F954-4DA3-8166-38D9B076F491}"
EndProject
Project("{2150E333-8FDC-42A3-9474-1A3956D46DE8}") = "frontend", "frontend", "{13804925-4907-4DB3-9E95-BFECBF6412CF}"
EndProject
Project("{2150E333-8FDC-42A3-9474-1A3956D46DE8}") = "shared", "shared", "{335FC5BD-A78D-4A56-BF52-8EB5C7C2ACA0}"
EndProject
Project("{2150E333-8FDC-42A3-9474-1A3956D46DE8}") = "tools", "tools", "{3C43DA82-6ED7-4CD0-AB8D-C67C99C79093}"
EndProject
Project("{2150E333-8FDC-42A3-9474-1A3956D46DE8}") = "Domain", "Domain", "{F3971513-C435-4198-93E1-05C87EF5B3BD}"
EndProject
Project("{FAE04EC0-301F-11D3-BF4B-00C04F79EFBC}") = "Domain.Entities", "backend\src\Domain\Domain.Entities\Domain.Entities.csproj", "{438D4470-FDA2-410F-8BF1-54813A992602}"
EndProject
Project("{FAE04EC0-301F-11D3-BF4B-00C04F79EFBC}") = "Domain.Enums", "backend\src\Domain\Domain.Enums\Domain.Enums.csproj", "{95BF0292-537A-42AE-A0C5-0A7A5F6C4E17}"
EndProject
Project("{FAE04EC0-301F-11D3-BF4B-00C04F79EFBC}") = "Domain.ValueObjects", "backend\src\Domain\Domain.ValueObjects\Domain.ValueObjects.csproj", "{27C5A6C5-B7CA-4799-A042-3F41AB690432}"
EndProject
Project("{FAE04EC0-301F-11D3-BF4B-00C04F79EFBC}") = "Domain.Exceptions", "backend\src\Domain\Domain.Exceptions\Domain.Exceptions.csproj", "{8FE9EA35-BDDB-4924-81E4-AA0E3A10B6ED}"
EndProject
Project("{FAE04EC0-301F-11D3-BF4B-00C04F79EFBC}") = "Domain.Events", "backend\src\Domain\Domain.Events\Domain.Events.csproj", "{56E06A0E-8DAF-4A20-B0C9-2787994E5DB9}"
EndProject
Project("{FAE04EC0-301F-11D3-BF4B-00C04F79EFBC}") = "Domain.Aggregates", "backend\src\Domain\Domain.Aggregates\Domain.Aggregates.csproj", "{F5F92BEB-C099-4F9C-A2B1-D6A4B61ECE09}"
EndProject
Project("{2150E333-8FDC-42A3-9474-1A3956D46DE8}") = "Application", "Application", "{3D8E10BF-5F87-488F-B344-15D82D0B7132}"
EndProject
Project("{2150E333-8FDC-42A3-9474-1A3956D46DE8}") = "Infrastructure", "Infrastructure", "{0D45D023-6EF7-4870-9218-7D0CFFEDC287}"
EndProject
Project("{2150E333-8FDC-42A3-9474-1A3956D46DE8}") = "Abstractions", "Abstractions", "{03E014F1-047B-4D30-A835-3AD81D9C16C5}"
EndProject
Project("{FAE04EC0-301F-11D3-BF4B-00C04F79EFBC}") = "Application.Abstractions.Persistence", "backend\src\Application\Abstractions\Application.Abstractions.Persistence\Application.Abstractions.Persistence.csproj", "{414D0209-A645-40A9-AC29-7F0E5F24240A}"
EndProject
Project("{FAE04EC0-301F-11D3-BF4B-00C04F79EFBC}") = "Application.Abstractions.Cache", "backend\src\Application\Abstractions\Application.Abstractions.Cache\Application.Abstractions.Cache.csproj", "{5706DCBF-A9C2-443A-B493-98D6FD0CA8CC}"
EndProject
Project("{FAE04EC0-301F-11D3-BF4B-00C04F79EFBC}") = "Application.Abstractions.ObjectStorage", "backend\src\Application\Abstractions\Application.Abstractions.ObjectStorage\Application.Abstractions.ObjectStorage.csproj", "{E6315BFB-7803-2B74-D29A-12CEEDAD3FED}"
EndProject
Project("{2150E333-8FDC-42A3-9474-1A3956D46DE8}") = "Persistence", "Persistence", "{7CF84676-0E95-49F2-850B-CF0284213EB6}"
EndProject
Global
	GlobalSection(SolutionConfigurationPlatforms) = preSolution
		Debug|Any CPU = Debug|Any CPU
		Release|Any CPU = Release|Any CPU
	EndGlobalSection
	GlobalSection(ProjectConfigurationPlatforms) = postSolution
		{438D4470-FDA2-410F-8BF1-54813A992602}.Debug|Any CPU.ActiveCfg = Debug|Any CPU
		{438D4470-FDA2-410F-8BF1-54813A992602}.Debug|Any CPU.Build.0 = Debug|Any CPU
		{438D4470-FDA2-410F-8BF1-54813A992602}.Release|Any CPU.ActiveCfg = Release|Any CPU
		{438D4470-FDA2-410F-8BF1-54813A992602}.Release|Any CPU.Build.0 = Release|Any CPU
		{95BF0292-537A-42AE-A0C5-0A7A5F6C4E17}.Debug|Any CPU.ActiveCfg = Debug|Any CPU
		{95BF0292-537A-42AE-A0C5-0A7A5F6C4E17}.Debug|Any CPU.Build.0 = Debug|Any CPU
		{95BF0292-537A-42AE-A0C5-0A7A5F6C4E17}.Release|Any CPU.ActiveCfg = Release|Any CPU
		{95BF0292-537A-42AE-A0C5-0A7A5F6C4E17}.Release|Any CPU.Build.0 = Release|Any CPU
		{27C5A6C5-B7CA-4799-A042-3F41AB690432}.Debug|Any CPU.ActiveCfg = Debug|Any CPU
		{27C5A6C5-B7CA-4799-A042-3F41AB690432}.Debug|Any CPU.Build.0 = Debug|Any CPU
		{27C5A6C5-B7CA-4799-A042-3F41AB690432}.Release|Any CPU.ActiveCfg = Release|Any CPU
		{27C5A6C5-B7CA-4799-A042-3F41AB690432}.Release|Any CPU.Build.0 = Release|Any CPU
		{8FE9EA35-BDDB-4924-81E4-AA0E3A10B6ED}.Debug|Any CPU.ActiveCfg = Debug|Any CPU
		{8FE9EA35-BDDB-4924-81E4-AA0E3A10B6ED}.Debug|Any CPU.Build.0 = Debug|Any CPU
		{8FE9EA35-BDDB-4924-81E4-AA0E3A10B6ED}.Release|Any CPU.ActiveCfg = Release|Any CPU
		{8FE9EA35-BDDB-4924-81E4-AA0E3A10B6ED}.Release|Any CPU.Build.0 = Release|Any CPU
		{56E06A0E-8DAF-4A20-B0C9-2787994E5DB9}.Debug|Any CPU.ActiveCfg = Debug|Any CPU
		{56E06A0E-8DAF-4A20-B0C9-2787994E5DB9}.Debug|Any CPU.Build.0 = Debug|Any CPU
		{56E06A0E-8DAF-4A20-B0C9-2787994E5DB9}.Release|Any CPU.ActiveCfg = Release|Any CPU
		{56E06A0E-8DAF-4A20-B0C9-2787994E5DB9}.Release|Any CPU.Build.0 = Release|Any CPU
		{F5F92BEB-C099-4F9C-A2B1-D6A4B61ECE09}.Debug|Any CPU.ActiveCfg = Debug|Any CPU
		{F5F92BEB-C099-4F9C-A2B1-D6A4B61ECE09}.Debug|Any CPU.Build.0 = Debug|Any CPU
		{F5F92BEB-C099-4F9C-A2B1-D6A4B61ECE09}.Release|Any CPU.ActiveCfg = Release|Any CPU
		{F5F92BEB-C099-4F9C-A2B1-D6A4B61ECE09}.Release|Any CPU.Build.0 = Release|Any CPU
		{414D0209-A645-40A9-AC29-7F0E5F24240A}.Debug|Any CPU.ActiveCfg = Debug|Any CPU
		{414D0209-A645-40A9-AC29-7F0E5F24240A}.Debug|Any CPU.Build.0 = Debug|Any CPU
		{414D0209-A645-40A9-AC29-7F0E5F24240A}.Release|Any CPU.ActiveCfg = Release|Any CPU
		{414D0209-A645-40A9-AC29-7F0E5F24240A}.Release|Any CPU.Build.0 = Release|Any CPU
		{5706DCBF-A9C2-443A-B493-98D6FD0CA8CC}.Debug|Any CPU.ActiveCfg = Debug|Any CPU
		{5706DCBF-A9C2-443A-B493-98D6FD0CA8CC}.Debug|Any CPU.Build.0 = Debug|Any CPU
		{5706DCBF-A9C2-443A-B493-98D6FD0CA8CC}.Release|Any CPU.ActiveCfg = Release|Any CPU
		{5706DCBF-A9C2-443A-B493-98D6FD0CA8CC}.Release|Any CPU.Build.0 = Release|Any CPU
		{E6315BFB-7803-2B74-D29A-12CEEDAD3FED}.Debug|Any CPU.ActiveCfg = Debug|Any CPU
		{E6315BFB-7803-2B74-D29A-12CEEDAD3FED}.Debug|Any CPU.Build.0 = Debug|Any CPU
		{E6315BFB-7803-2B74-D29A-12CEEDAD3FED}.Release|Any CPU.ActiveCfg = Release|Any CPU
		{E6315BFB-7803-2B74-D29A-12CEEDAD3FED}.Release|Any CPU.Build.0 = Release|Any CPU
	EndGlobalSection
	GlobalSection(SolutionProperties) = preSolution
		HideSolutionNode = FALSE
	EndGlobalSection
	GlobalSection(NestedProjects) = preSolution
		{F3971513-C435-4198-93E1-05C87EF5B3BD} = {F0E2E531-F954-4DA3-8166-38D9B076F491}
		{438D4470-FDA2-410F-8BF1-54813A992602} = {F3971513-C435-4198-93E1-05C87EF5B3BD}
		{95BF0292-537A-42AE-A0C5-0A7A5F6C4E17} = {F3971513-C435-4198-93E1-05C87EF5B3BD}
		{27C5A6C5-B7CA-4799-A042-3F41AB690432} = {F3971513-C435-4198-93E1-05C87EF5B3BD}
		{8FE9EA35-BDDB-4924-81E4-AA0E3A10B6ED} = {F3971513-C435-4198-93E1-05C87EF5B3BD}
		{56E06A0E-8DAF-4A20-B0C9-2787994E5DB9} = {F3971513-C435-4198-93E1-05C87EF5B3BD}
		{F5F92BEB-C099-4F9C-A2B1-D6A4B61ECE09} = {F3971513-C435-4198-93E1-05C87EF5B3BD}
		{3D8E10BF-5F87-488F-B344-15D82D0B7132} = {F0E2E531-F954-4DA3-8166-38D9B076F491}
		{0D45D023-6EF7-4870-9218-7D0CFFEDC287} = {F0E2E531-F954-4DA3-8166-38D9B076F491}
		{03E014F1-047B-4D30-A835-3AD81D9C16C5} = {3D8E10BF-5F87-488F-B344-15D82D0B7132}
		{414D0209-A645-40A9-AC29-7F0E5F24240A} = {03E014F1-047B-4D30-A835-3AD81D9C16C5}
		{5706DCBF-A9C2-443A-B493-98D6FD0CA8CC} = {03E014F1-047B-4D30-A835-3AD81D9C16C5}
		{E6315BFB-7803-2B74-D29A-12CEEDAD3FED} = {03E014F1-047B-4D30-A835-3AD81D9C16C5}
		{7CF84676-0E95-49F2-850B-CF0284213EB6} = {0D45D023-6EF7-4870-9218-7D0CFFEDC287}
	EndGlobalSection
	GlobalSection(ExtensibilityGlobals) = postSolution
		SolutionGuid = {5C1911E6-9DD4-45B3-BEB7-0842A0A7207D}
	EndGlobalSection
EndGlobal
